
Microsoft Visual Studio Solution File, Format Version 12.00
Project("{FAE04EC0-301F-11D3-BF4B-00C04F79EFBC}") = "18", "18\18.csproj", "{FD6FC512-18CB-4DAA-808B-3EC4B316026A}"
EndProject
Global
	GlobalSection(SolutionConfigurationPlatforms) = preSolution
		Debug|Any CPU = Debug|Any CPU
		Release|Any CPU = Release|Any CPU
	EndGlobalSection
	GlobalSection(ProjectConfigurationPlatforms) = postSolution
		{FD6FC512-18CB-4DAA-808B-3EC4B316026A}.Debug|Any CPU.ActiveCfg = Debug|Any CPU
		{FD6FC512-18CB-4DAA-808B-3EC4B316026A}.Debug|Any CPU.Build.0 = Debug|Any CPU
		{FD6FC512-18CB-4DAA-808B-3EC4B316026A}.Release|Any CPU.ActiveCfg = Release|Any CPU
		{FD6FC512-18CB-4DAA-808B-3EC4B316026A}.Release|Any CPU.Build.0 = Release|Any CPU
	EndGlobalSection
EndGlobal
