
Microsoft Visual Studio Solution File, Format Version 12.00
Project("{FAE04EC0-301F-11D3-BF4B-00C04F79EFBC}") = "ConsoleApplication2", "ConsoleApplication2\ConsoleApplication2.csproj", "{B21CA638-23EF-4E0A-ACD0-005971DCE081}"
EndProject
Global
	GlobalSection(SolutionConfigurationPlatforms) = preSolution
		Debug|Any CPU = Debug|Any CPU
		Release|Any CPU = Release|Any CPU
	EndGlobalSection
	GlobalSection(ProjectConfigurationPlatforms) = postSolution
		{B21CA638-23EF-4E0A-ACD0-005971DCE081}.Debug|Any CPU.ActiveCfg = Debug|Any CPU
		{B21CA638-23EF-4E0A-ACD0-005971DCE081}.Debug|Any CPU.Build.0 = Debug|Any CPU
		{B21CA638-23EF-4E0A-ACD0-005971DCE081}.Release|Any CPU.ActiveCfg = Release|Any CPU
		{B21CA638-23EF-4E0A-ACD0-005971DCE081}.Release|Any CPU.Build.0 = Release|Any CPU
	EndGlobalSection
EndGlobal
