
Microsoft Visual Studio Solution File, Format Version 12.00
Project("{FAE04EC0-301F-11D3-BF4B-00C04F79EFBC}") = "Czelendż", "Czelendż\Czelendż.csproj", "{C49C3836-F4FC-4BD3-974F-9777E70FA09D}"
EndProject
Global
	GlobalSection(SolutionConfigurationPlatforms) = preSolution
		Debug|Any CPU = Debug|Any CPU
		Release|Any CPU = Release|Any CPU
	EndGlobalSection
	GlobalSection(ProjectConfigurationPlatforms) = postSolution
		{C49C3836-F4FC-4BD3-974F-9777E70FA09D}.Debug|Any CPU.ActiveCfg = Debug|Any CPU
		{C49C3836-F4FC-4BD3-974F-9777E70FA09D}.Debug|Any CPU.Build.0 = Debug|Any CPU
		{C49C3836-F4FC-4BD3-974F-9777E70FA09D}.Release|Any CPU.ActiveCfg = Release|Any CPU
		{C49C3836-F4FC-4BD3-974F-9777E70FA09D}.Release|Any CPU.Build.0 = Release|Any CPU
	EndGlobalSection
EndGlobal
